
Microsoft Visual Studio Solution File, Format Version 12.00
# Visual Studio Version 17
VisualStudioVersion = 17.10.34928.147
MinimumVisualStudioVersion = 10.0.40219.1
Project("{FAE04EC0-301F-11D3-BF4B-00C04F79EFBC}") = "Number system conveter", "Number system conveter.csproj", "{FAF95472-B215-4600-961E-7DB24CC07524}"
EndProject
Global
	GlobalSection(SolutionConfigurationPlatforms) = preSolution
		Debug|Any CPU = Debug|Any CPU
		Release|Any CPU = Release|Any CPU
	EndGlobalSection
	GlobalSection(ProjectConfigurationPlatforms) = postSolution
		{FAF95472-B215-4600-961E-7DB24CC07524}.Debug|Any CPU.ActiveCfg = Debug|Any CPU
		{FAF95472-B215-4600-961E-7DB24CC07524}.Debug|Any CPU.Build.0 = Debug|Any CPU
		{FAF95472-B215-4600-961E-7DB24CC07524}.Release|Any CPU.ActiveCfg = Release|Any CPU
		{FAF95472-B215-4600-961E-7DB24CC07524}.Release|Any CPU.Build.0 = Release|Any CPU
	EndGlobalSection
	GlobalSection(SolutionProperties) = preSolution
		HideSolutionNode = FALSE
	EndGlobalSection
	GlobalSection(ExtensibilityGlobals) = postSolution
		SolutionGuid = {D844E53C-DF12-4AF9-AC94-1B9D99D037A5}
	EndGlobalSection
EndGlobal
